// !$*UTF8*$!
{
	archiveVersion = 1;
	classes = {
	};
	objectVersion = 56;
	objects = {

/* Begin PBXBuildFile section */
		11B356902AE7F2B9008635E7 /* MEDICATEApp.swift in Sources */ = {isa = PBXBuildFile; fileRef = 11B3568F2AE7F2B9008635E7 /* MEDICATEApp.swift */; };
		11B356922AE7F2B9008635E7 /* ContentView.swift in Sources */ = {isa = PBXBuildFile; fileRef = 11B356912AE7F2B9008635E7 /* ContentView.swift */; };
		11B356942AE7F2BC008635E7 /* Assets.xcassets in Resources */ = {isa = PBXBuildFile; fileRef = 11B356932AE7F2BC008635E7 /* Assets.xcassets */; };
		11B356982AE7F2BC008635E7 /* Preview Assets.xcassets in Resources */ = {isa = PBXBuildFile; fileRef = 11B356972AE7F2BC008635E7 /* Preview Assets.xcassets */; };
		11B356A22AE7F2BC008635E7 /* MEDICATETests.swift in Sources */ = {isa = PBXBuildFile; fileRef = 11B356A12AE7F2BC008635E7 /* MEDICATETests.swift */; };
		11B356AC2AE7F2BC008635E7 /* MEDICATEUITests.swift in Sources */ = {isa = PBXBuildFile; fileRef = 11B356AB2AE7F2BC008635E7 /* MEDICATEUITests.swift */; };
		11B356AE2AE7F2BC008635E7 /* MEDICATEUITestsLaunchTests.swift in Sources */ = {isa = PBXBuildFile; fileRef = 11B356AD2AE7F2BC008635E7 /* MEDICATEUITestsLaunchTests.swift */; };
		11B356BC2AE7F320008635E7 /* SwiftUICharts in Frameworks */ = {isa = PBXBuildFile; productRef = 11B356BB2AE7F320008635E7 /* SwiftUICharts */; };
/* End PBXBuildFile section */

/* Begin PBXContainerItemProxy section */
		11B3569E2AE7F2BC008635E7 /* PBXContainerItemProxy */ = {
			isa = PBXContainerItemProxy;
			containerPortal = 11B356842AE7F2B9008635E7 /* Project object */;
			proxyType = 1;
			remoteGlobalIDString = 11B3568B2AE7F2B9008635E7;
			remoteInfo = MEDICATE;
		};
		11B356A82AE7F2BC008635E7 /* PBXContainerItemProxy */ = {
			isa = PBXContainerItemProxy;
			containerPortal = 11B356842AE7F2B9008635E7 /* Project object */;
			proxyType = 1;
			remoteGlobalIDString = 11B3568B2AE7F2B9008635E7;
			remoteInfo = MEDICATE;
		};
/* End PBXContainerItemProxy section */

/* Begin PBXFileReference section */
		11B3568C2AE7F2B9008635E7 /* MEDICATE.app */ = {isa = PBXFileReference; explicitFileType = wrapper.application; includeInIndex = 0; path = MEDICATE.app; sourceTree = BUILT_PRODUCTS_DIR; };
		11B3568F2AE7F2B9008635E7 /* MEDICATEApp.swift */ = {isa = PBXFileReference; lastKnownFileType = sourcecode.swift; path = MEDICATEApp.swift; sourceTree = "<group>"; };
		11B356912AE7F2B9008635E7 /* ContentView.swift */ = {isa = PBXFileReference; lastKnownFileType = sourcecode.swift; path = ContentView.swift; sourceTree = "<group>"; };
		11B356932AE7F2BC008635E7 /* Assets.xcassets */ = {isa = PBXFileReference; lastKnownFileType = folder.assetcatalog; path = Assets.xcassets; sourceTree = "<group>"; };
		11B356952AE7F2BC008635E7 /* MEDICATE.entitlements */ = {isa = PBXFileReference; lastKnownFileType = text.plist.entitlements; path = MEDICATE.entitlements; sourceTree = "<group>"; };
		11B356972AE7F2BC008635E7 /* Preview Assets.xcassets */ = {isa = PBXFileReference; lastKnownFileType = folder.assetcatalog; path = "Preview Assets.xcassets"; sourceTree = "<group>"; };
		11B3569D2AE7F2BC008635E7 /* MEDICATETests.xctest */ = {isa = PBXFileReference; explicitFileType = wrapper.cfbundle; includeInIndex = 0; path = MEDICATETests.xctest; sourceTree = BUILT_PRODUCTS_DIR; };
		11B356A12AE7F2BC008635E7 /* MEDICATETests.swift */ = {isa = PBXFileReference; lastKnownFileType = sourcecode.swift; path = MEDICATETests.swift; sourceTree = "<group>"; };
		11B356A72AE7F2BC008635E7 /* MEDICATEUITests.xctest */ = {isa = PBXFileReference; explicitFileType = wrapper.cfbundle; includeInIndex = 0; path = MEDICATEUITests.xctest; sourceTree = BUILT_PRODUCTS_DIR; };
		11B356AB2AE7F2BC008635E7 /* MEDICATEUITests.swift */ = {isa = PBXFileReference; lastKnownFileType = sourcecode.swift; path = MEDICATEUITests.swift; sourceTree = "<group>"; };
		11B356AD2AE7F2BC008635E7 /* MEDICATEUITestsLaunchTests.swift */ = {isa = PBXFileReference; lastKnownFileType = sourcecode.swift; path = MEDICATEUITestsLaunchTests.swift; sourceTree = "<group>"; };
/* End PBXFileReference section */

/* Begin PBXFrameworksBuildPhase section */
		11B356892AE7F2B9008635E7 /* Frameworks */ = {
			isa = PBXFrameworksBuildPhase;
			buildActionMask = 2147483647;
			files = (
				11B356BC2AE7F320008635E7 /* SwiftUICharts in Frameworks */,
			);
			runOnlyForDeploymentPostprocessing = 0;
		};
		11B3569A2AE7F2BC008635E7 /* Frameworks */ = {
			isa = PBXFrameworksBuildPhase;
			buildActionMask = 2147483647;
			files = (
			);
			runOnlyForDeploymentPostprocessing = 0;
		};
		11B356A42AE7F2BC008635E7 /* Frameworks */ = {
			isa = PBXFrameworksBuildPhase;
			buildActionMask = 2147483647;
			files = (
			);
			runOnlyForDeploymentPostprocessing = 0;
		};
/* End PBXFrameworksBuildPhase section */

/* Begin PBXGroup section */
		11B356832AE7F2B9008635E7 = {
			isa = PBXGroup;
			children = (
				11B3568E2AE7F2B9008635E7 /* MEDICATE */,
				11B356A02AE7F2BC008635E7 /* MEDICATETests */,
				11B356AA2AE7F2BC008635E7 /* MEDICATEUITests */,
				11B3568D2AE7F2B9008635E7 /* Products */,
			);
			sourceTree = "<group>";
		};
		11B3568D2AE7F2B9008635E7 /* Products */ = {
			isa = PBXGroup;
			children = (
				11B3568C2AE7F2B9008635E7 /* MEDICATE.app */,
				11B3569D2AE7F2BC008635E7 /* MEDICATETests.xctest */,
				11B356A72AE7F2BC008635E7 /* MEDICATEUITests.xctest */,
			);
			name = Products;
			sourceTree = "<group>";
		};
		11B3568E2AE7F2B9008635E7 /* MEDICATE */ = {
			isa = PBXGroup;
			children = (
				11B3568F2AE7F2B9008635E7 /* MEDICATEApp.swift */,
				11B356912AE7F2B9008635E7 /* ContentView.swift */,
				11B356932AE7F2BC008635E7 /* Assets.xcassets */,
				11B356952AE7F2BC008635E7 /* MEDICATE.entitlements */,
				11B356962AE7F2BC008635E7 /* Preview Content */,
			);
			path = MEDICATE;
			sourceTree = "<group>";
		};
		11B356962AE7F2BC008635E7 /* Preview Content */ = {
			isa = PBXGroup;
			children = (
				11B356972AE7F2BC008635E7 /* Preview Assets.xcassets */,
			);
			path = "Preview Content";
			sourceTree = "<group>";
		};
		11B356A02AE7F2BC008635E7 /* MEDICATETests */ = {
			isa = PBXGroup;
			children = (
				11B356A12AE7F2BC008635E7 /* MEDICATETests.swift */,
			);
			path = MEDICATETests;
			sourceTree = "<group>";
		};
		11B356AA2AE7F2BC008635E7 /* MEDICATEUITests */ = {
			isa = PBXGroup;
			children = (
				11B356AB2AE7F2BC008635E7 /* MEDICATEUITests.swift */,
				11B356AD2AE7F2BC008635E7 /* MEDICATEUITestsLaunchTests.swift */,
			);
			path = MEDICATEUITests;
			sourceTree = "<group>";
		};
/* End PBXGroup section */

/* Begin PBXNativeTarget section */
		11B3568B2AE7F2B9008635E7 /* MEDICATE */ = {
			isa = PBXNativeTarget;
			buildConfigurationList = 11B356B12AE7F2BC008635E7 /* Build configuration list for PBXNativeTarget "MEDICATE" */;
			buildPhases = (
				11B356882AE7F2B9008635E7 /* Sources */,
				11B356892AE7F2B9008635E7 /* Frameworks */,
				11B3568A2AE7F2B9008635E7 /* Resources */,
			);
			buildRules = (
			);
			dependencies = (
			);
			name = MEDICATE;
			packageProductDependencies = (
				11B356BB2AE7F320008635E7 /* SwiftUICharts */,
			);
			productName = MEDICATE;
			productReference = 11B3568C2AE7F2B9008635E7 /* MEDICATE.app */;
			productType = "com.apple.product-type.application";
		};
		11B3569C2AE7F2BC008635E7 /* MEDICATETests */ = {
			isa = PBXNativeTarget;
			buildConfigurationList = 11B356B42AE7F2BC008635E7 /* Build configuration list for PBXNativeTarget "MEDICATETests" */;
			buildPhases = (
				11B356992AE7F2BC008635E7 /* Sources */,
				11B3569A2AE7F2BC008635E7 /* Frameworks */,
				11B3569B2AE7F2BC008635E7 /* Resources */,
			);
			buildRules = (
			);
			dependencies = (
				11B3569F2AE7F2BC008635E7 /* PBXTargetDependency */,
			);
			name = MEDICATETests;
			productName = MEDICATETests;
			productReference = 11B3569D2AE7F2BC008635E7 /* MEDICATETests.xctest */;
			productType = "com.apple.product-type.bundle.unit-test";
		};
		11B356A62AE7F2BC008635E7 /* MEDICATEUITests */ = {
			isa = PBXNativeTarget;
			buildConfigurationList = 11B356B72AE7F2BC008635E7 /* Build configuration list for PBXNativeTarget "MEDICATEUITests" */;
			buildPhases = (
				11B356A32AE7F2BC008635E7 /* Sources */,
				11B356A42AE7F2BC008635E7 /* Frameworks */,
				11B356A52AE7F2BC008635E7 /* Resources */,
			);
			buildRules = (
			);
			dependencies = (
				11B356A92AE7F2BC008635E7 /* PBXTargetDependency */,
			);
			name = MEDICATEUITests;
			productName = MEDICATEUITests;
			productReference = 11B356A72AE7F2BC008635E7 /* MEDICATEUITests.xctest */;
			productType = "com.apple.product-type.bundle.ui-testing";
		};
/* End PBXNativeTarget section */

/* Begin PBXProject section */
		11B356842AE7F2B9008635E7 /* Project object */ = {
			isa = PBXProject;
			attributes = {
				BuildIndependentTargetsInParallel = 1;
				LastSwiftUpdateCheck = 1500;
				LastUpgradeCheck = 1500;
				TargetAttributes = {
					11B3568B2AE7F2B9008635E7 = {
						CreatedOnToolsVersion = 15.0;
					};
					11B3569C2AE7F2BC008635E7 = {
						CreatedOnToolsVersion = 15.0;
						TestTargetID = 11B3568B2AE7F2B9008635E7;
					};
					11B356A62AE7F2BC008635E7 = {
						CreatedOnToolsVersion = 15.0;
						TestTargetID = 11B3568B2AE7F2B9008635E7;
					};
				};
			};
			buildConfigurationList = 11B356872AE7F2B9008635E7 /* Build configuration list for PBXProject "MEDICATE" */;
			compatibilityVersion = "Xcode 14.0";
			developmentRegion = en;
			hasScannedForEncodings = 0;
			knownRegions = (
				en,
				Base,
			);
			mainGroup = 11B356832AE7F2B9008635E7;
			packageReferences = (
				11B356BA2AE7F320008635E7 /* XCRemoteSwiftPackageReference "ChartView" */,
			);
			productRefGroup = 11B3568D2AE7F2B9008635E7 /* Products */;
			projectDirPath = "";
			projectRoot = "";
			targets = (
				11B3568B2AE7F2B9008635E7 /* MEDICATE */,
				11B3569C2AE7F2BC008635E7 /* MEDICATETests */,
				11B356A62AE7F2BC008635E7 /* MEDICATEUITests */,
			);
		};
/* End PBXProject section */

/* Begin PBXResourcesBuildPhase section */
		11B3568A2AE7F2B9008635E7 /* Resources */ = {
			isa = PBXResourcesBuildPhase;
			buildActionMask = 2147483647;
			files = (
				11B356982AE7F2BC008635E7 /* Preview Assets.xcassets in Resources */,
				11B356942AE7F2BC008635E7 /* Assets.xcassets in Resources */,
			);
			runOnlyForDeploymentPostprocessing = 0;
		};
		11B3569B2AE7F2BC008635E7 /* Resources */ = {
			isa = PBXResourcesBuildPhase;
			buildActionMask = 2147483647;
			files = (
			);
			runOnlyForDeploymentPostprocessing = 0;
		};
		11B356A52AE7F2BC008635E7 /* Resources */ = {
			isa = PBXResourcesBuildPhase;
			buildActionMask = 2147483647;
			files = (
			);
			runOnlyForDeploymentPostprocessing = 0;
		};
/* End PBXResourcesBuildPhase section */

/* Begin PBXSourcesBuildPhase section */
		11B356882AE7F2B9008635E7 /* Sources */ = {
			isa = PBXSourcesBuildPhase;
			buildActionMask = 2147483647;
			files = (
				11B356922AE7F2B9008635E7 /* ContentView.swift in Sources */,
				11B356902AE7F2B9008635E7 /* MEDICATEApp.swift in Sources */,
			);
			runOnlyForDeploymentPostprocessing = 0;
		};
		11B356992AE7F2BC008635E7 /* Sources */ = {
			isa = PBXSourcesBuildPhase;
			buildActionMask = 2147483647;
			files = (
				11B356A22AE7F2BC008635E7 /* MEDICATETests.swift in Sources */,
			);
			runOnlyForDeploymentPostprocessing = 0;
		};
		11B356A32AE7F2BC008635E7 /* Sources */ = {
			isa = PBXSourcesBuildPhase;
			buildActionMask = 2147483647;
			files = (
				11B356AE2AE7F2BC008635E7 /* MEDICATEUITestsLaunchTests.swift in Sources */,
				11B356AC2AE7F2BC008635E7 /* MEDICATEUITests.swift in Sources */,
			);
			runOnlyForDeploymentPostprocessing = 0;
		};
/* End PBXSourcesBuildPhase section */

/* Begin PBXTargetDependency section */
		11B3569F2AE7F2BC008635E7 /* PBXTargetDependency */ = {
			isa = PBXTargetDependency;
			target = 11B3568B2AE7F2B9008635E7 /* MEDICATE */;
			targetProxy = 11B3569E2AE7F2BC008635E7 /* PBXContainerItemProxy */;
		};
		11B356A92AE7F2BC008635E7 /* PBXTargetDependency */ = {
			isa = PBXTargetDependency;
			target = 11B3568B2AE7F2B9008635E7 /* MEDICATE */;
			targetProxy = 11B356A82AE7F2BC008635E7 /* PBXContainerItemProxy */;
		};
/* End PBXTargetDependency section */

/* Begin XCBuildConfiguration section */
		11B356AF2AE7F2BC008635E7 /* Debug */ = {
			isa = XCBuildConfiguration;
			buildSettings = {
				ALWAYS_SEARCH_USER_PATHS = NO;
				ASSETCATALOG_COMPILER_GENERATE_SWIFT_ASSET_SYMBOL_EXTENSIONS = YES;
				CLANG_ANALYZER_NONNULL = YES;
				CLANG_ANALYZER_NUMBER_OBJECT_CONVERSION = YES_AGGRESSIVE;
				CLANG_CXX_LANGUAGE_STANDARD = "gnu++20";
				CLANG_ENABLE_MODULES = YES;
				CLANG_ENABLE_OBJC_ARC = YES;
				CLANG_ENABLE_OBJC_WEAK = YES;
				CLANG_WARN_BLOCK_CAPTURE_AUTORELEASING = YES;
				CLANG_WARN_BOOL_CONVERSION = YES;
				CLANG_WARN_COMMA = YES;
				CLANG_WARN_CONSTANT_CONVERSION = YES;
				CLANG_WARN_DEPRECATED_OBJC_IMPLEMENTATIONS = YES;
				CLANG_WARN_DIRECT_OBJC_ISA_USAGE = YES_ERROR;
				CLANG_WARN_DOCUMENTATION_COMMENTS = YES;
				CLANG_WARN_EMPTY_BODY = YES;
				CLANG_WARN_ENUM_CONVERSION = YES;
				CLANG_WARN_INFINITE_RECURSION = YES;
				CLANG_WARN_INT_CONVERSION = YES;
				CLANG_WARN_NON_LITERAL_NULL_CONVERSION = YES;
				CLANG_WARN_OBJC_IMPLICIT_RETAIN_SELF = YES;
				CLANG_WARN_OBJC_LITERAL_CONVERSION = YES;
				CLANG_WARN_OBJC_ROOT_CLASS = YES_ERROR;
				CLANG_WARN_QUOTED_INCLUDE_IN_FRAMEWORK_HEADER = YES;
				CLANG_WARN_RANGE_LOOP_ANALYSIS = YES;
				CLANG_WARN_STRICT_PROTOTYPES = YES;
				CLANG_WARN_SUSPICIOUS_MOVE = YES;
				CLANG_WARN_UNGUARDED_AVAILABILITY = YES_AGGRESSIVE;
				CLANG_WARN_UNREACHABLE_CODE = YES;
				CLANG_WARN__DUPLICATE_METHOD_MATCH = YES;
				COPY_PHASE_STRIP = NO;
				DEBUG_INFORMATION_FORMAT = dwarf;
				ENABLE_STRICT_OBJC_MSGSEND = YES;
				ENABLE_TESTABILITY = YES;
				ENABLE_USER_SCRIPT_SANDBOXING = YES;
				GCC_C_LANGUAGE_STANDARD = gnu17;
				GCC_DYNAMIC_NO_PIC = NO;
				GCC_NO_COMMON_BLOCKS = YES;
				GCC_OPTIMIZATION_LEVEL = 0;
				GCC_PREPROCESSOR_DEFINITIONS = (
					"DEBUG=1",
					"$(inherited)",
				);
				GCC_WARN_64_TO_32_BIT_CONVERSION = YES;
				GCC_WARN_ABOUT_RETURN_TYPE = YES_ERROR;
				GCC_WARN_UNDECLARED_SELECTOR = YES;
				GCC_WARN_UNINITIALIZED_AUTOS = YES_AGGRESSIVE;
				GCC_WARN_UNUSED_FUNCTION = YES;
				GCC_WARN_UNUSED_VARIABLE = YES;
				LOCALIZATION_PREFERS_STRING_CATALOGS = YES;
				MTL_ENABLE_DEBUG_INFO = INCLUDE_SOURCE;
				MTL_FAST_MATH = YES;
				ONLY_ACTIVE_ARCH = YES;
				SWIFT_ACTIVE_COMPILATION_CONDITIONS = "DEBUG $(inherited)";
				SWIFT_OPTIMIZATION_LEVEL = "-Onone";
			};
			name = Debug;
		};
		11B356B02AE7F2BC008635E7 /* Release */ = {
			isa = XCBuildConfiguration;
			buildSettings = {
				ALWAYS_SEARCH_USER_PATHS = NO;
				ASSETCATALOG_COMPILER_GENERATE_SWIFT_ASSET_SYMBOL_EXTENSIONS = YES;
				CLANG_ANALYZER_NONNULL = YES;
				CLANG_ANALYZER_NUMBER_OBJECT_CONVERSION = YES_AGGRESSIVE;
				CLANG_CXX_LANGUAGE_STANDARD = "gnu++20";
				CLANG_ENABLE_MODULES = YES;
				CLANG_ENABLE_OBJC_ARC = YES;
				CLANG_ENABLE_OBJC_WEAK = YES;
				CLANG_WARN_BLOCK_CAPTURE_AUTORELEASING = YES;
				CLANG_WARN_BOOL_CONVERSION = YES;
				CLANG_WARN_COMMA = YES;
				CLANG_WARN_CONSTANT_CONVERSION = YES;
				CLANG_WARN_DEPRECATED_OBJC_IMPLEMENTATIONS = YES;
				CLANG_WARN_DIRECT_OBJC_ISA_USAGE = YES_ERROR;
				CLANG_WARN_DOCUMENTATION_COMMENTS = YES;
				CLANG_WARN_EMPTY_BODY = YES;
				CLANG_WARN_ENUM_CONVERSION = YES;
				CLANG_WARN_INFINITE_RECURSION = YES;
				CLANG_WARN_INT_CONVERSION = YES;
				CLANG_WARN_NON_LITERAL_NULL_CONVERSION = YES;
				CLANG_WARN_OBJC_IMPLICIT_RETAIN_SELF = YES;
				CLANG_WARN_OBJC_LITERAL_CONVERSION = YES;
				CLANG_WARN_OBJC_ROOT_CLASS = YES_ERROR;
				CLANG_WARN_QUOTED_INCLUDE_IN_FRAMEWORK_HEADER = YES;
				CLANG_WARN_RANGE_LOOP_ANALYSIS = YES;
				CLANG_WARN_STRICT_PROTOTYPES = YES;
				CLANG_WARN_SUSPICIOUS_MOVE = YES;
				CLANG_WARN_UNGUARDED_AVAILABILITY = YES_AGGRESSIVE;
				CLANG_WARN_UNREACHABLE_CODE = YES;
				CLANG_WARN__DUPLICATE_METHOD_MATCH = YES;
				COPY_PHASE_STRIP = NO;
				DEBUG_INFORMATION_FORMAT = "dwarf-with-dsym";
				ENABLE_NS_ASSERTIONS = NO;
				ENABLE_STRICT_OBJC_MSGSEND = YES;
				ENABLE_USER_SCRIPT_SANDBOXING = YES;
				GCC_C_LANGUAGE_STANDARD = gnu17;
				GCC_NO_COMMON_BLOCKS = YES;
				GCC_WARN_64_TO_32_BIT_CONVERSION = YES;
				GCC_WARN_ABOUT_RETURN_TYPE = YES_ERROR;
				GCC_WARN_UNDECLARED_SELECTOR = YES;
				GCC_WARN_UNINITIALIZED_AUTOS = YES_AGGRESSIVE;
				GCC_WARN_UNUSED_FUNCTION = YES;
				GCC_WARN_UNUSED_VARIABLE = YES;
				LOCALIZATION_PREFERS_STRING_CATALOGS = YES;
				MTL_ENABLE_DEBUG_INFO = NO;
				MTL_FAST_MATH = YES;
				SWIFT_COMPILATION_MODE = wholemodule;
			};
			name = Release;
		};
		11B356B22AE7F2BC008635E7 /* Debug */ = {
			isa = XCBuildConfiguration;
			buildSettings = {
				ASSETCATALOG_COMPILER_APPICON_NAME = AppIcon;
				ASSETCATALOG_COMPILER_GLOBAL_ACCENT_COLOR_NAME = AccentColor;
				CODE_SIGN_ENTITLEMENTS = MEDICATE/MEDICATE.entitlements;
				CODE_SIGN_STYLE = Automatic;
				CURRENT_PROJECT_VERSION = 1;
				DEVELOPMENT_ASSET_PATHS = "\"MEDICATE/Preview Content\"";
				DEVELOPMENT_TEAM = 865BACGR2S;
				ENABLE_HARDENED_RUNTIME = YES;
				ENABLE_PREVIEWS = YES;
				GENERATE_INFOPLIST_FILE = YES;
				"INFOPLIST_KEY_UIApplicationSceneManifest_Generation[sdk=iphoneos*]" = YES;
				"INFOPLIST_KEY_UIApplicationSceneManifest_Generation[sdk=iphonesimulator*]" = YES;
				"INFOPLIST_KEY_UIApplicationSupportsIndirectInputEvents[sdk=iphoneos*]" = YES;
				"INFOPLIST_KEY_UIApplicationSupportsIndirectInputEvents[sdk=iphonesimulator*]" = YES;
				"INFOPLIST_KEY_UILaunchScreen_Generation[sdk=iphoneos*]" = YES;
				"INFOPLIST_KEY_UILaunchScreen_Generation[sdk=iphonesimulator*]" = YES;
				"INFOPLIST_KEY_UIStatusBarStyle[sdk=iphoneos*]" = UIStatusBarStyleDefault;
				"INFOPLIST_KEY_UIStatusBarStyle[sdk=iphonesimulator*]" = UIStatusBarStyleDefault;
				INFOPLIST_KEY_UISupportedInterfaceOrientations_iPad = "UIInterfaceOrientationPortrait UIInterfaceOrientationPortraitUpsideDown UIInterfaceOrientationLandscapeLeft UIInterfaceOrientationLandscapeRight";
				INFOPLIST_KEY_UISupportedInterfaceOrientations_iPhone = "UIInterfaceOrientationPortrait UIInterfaceOrientationLandscapeLeft UIInterfaceOrientationLandscapeRight";
				IPHONEOS_DEPLOYMENT_TARGET = 17.0;
				LD_RUNPATH_SEARCH_PATHS = "@executable_path/Frameworks";
				"LD_RUNPATH_SEARCH_PATHS[sdk=macosx*]" = "@executable_path/../Frameworks";
				MACOSX_DEPLOYMENT_TARGET = 14.0;
				MARKETING_VERSION = 1.0;
				PRODUCT_BUNDLE_IDENTIFIER = AE.MEDICATE;
				PRODUCT_NAME = "$(TARGET_NAME)";
				SDKROOT = auto;
				SUPPORTED_PLATFORMS = "iphoneos iphonesimulator macosx";
				SWIFT_EMIT_LOC_STRINGS = YES;
				SWIFT_VERSION = 5.0;
				TARGETED_DEVICE_FAMILY = "1,2";
			};
			name = Debug;
		};
		11B356B32AE7F2BC008635E7 /* Release */ = {
			isa = XCBuildConfiguration;
			buildSettings = {
				ASSETCATALOG_COMPILER_APPICON_NAME = AppIcon;
				ASSETCATALOG_COMPILER_GLOBAL_ACCENT_COLOR_NAME = AccentColor;
				CODE_SIGN_ENTITLEMENTS = MEDICATE/MEDICATE.entitlements;
				CODE_SIGN_STYLE = Automatic;
				CURRENT_PROJECT_VERSION = 1;
				DEVELOPMENT_ASSET_PATHS = "\"MEDICATE/Preview Content\"";
				DEVELOPMENT_TEAM = 865BACGR2S;
				ENABLE_HARDENED_RUNTIME = YES;
				ENABLE_PREVIEWS = YES;
				GENERATE_INFOPLIST_FILE = YES;
				"INFOPLIST_KEY_UIApplicationSceneManifest_Generation[sdk=iphoneos*]" = YES;
				"INFOPLIST_KEY_UIApplicationSceneManifest_Generation[sdk=iphonesimulator*]" = YES;
				"INFOPLIST_KEY_UIApplicationSupportsIndirectInputEvents[sdk=iphoneos*]" = YES;
				"INFOPLIST_KEY_UIApplicationSupportsIndirectInputEvents[sdk=iphonesimulator*]" = YES;
				"INFOPLIST_KEY_UILaunchScreen_Generation[sdk=iphoneos*]" = YES;
				"INFOPLIST_KEY_UILaunchScreen_Generation[sdk=iphonesimulator*]" = YES;
				"INFOPLIST_KEY_UIStatusBarStyle[sdk=iphoneos*]" = UIStatusBarStyleDefault;
				"INFOPLIST_KEY_UIStatusBarStyle[sdk=iphonesimulator*]" = UIStatusBarStyleDefault;
				INFOPLIST_KEY_UISupportedInterfaceOrientations_iPad = "UIInterfaceOrientationPortrait UIInterfaceOrientationPortraitUpsideDown UIInterfaceOrientationLandscapeLeft UIInterfaceOrientationLandscapeRight";
				INFOPLIST_KEY_UISupportedInterfaceOrientations_iPhone = "UIInterfaceOrientationPortrait UIInterfaceOrientationLandscapeLeft UIInterfaceOrientationLandscapeRight";
				IPHONEOS_DEPLOYMENT_TARGET = 17.0;
				LD_RUNPATH_SEARCH_PATHS = "@executable_path/Frameworks";
				"LD_RUNPATH_SEARCH_PATHS[sdk=macosx*]" = "@executable_path/../Frameworks";
				MACOSX_DEPLOYMENT_TARGET = 14.0;
				MARKETING_VERSION = 1.0;
				PRODUCT_BUNDLE_IDENTIFIER = AE.MEDICATE;
				PRODUCT_NAME = "$(TARGET_NAME)";
				SDKROOT = auto;
				SUPPORTED_PLATFORMS = "iphoneos iphonesimulator macosx";
				SWIFT_EMIT_LOC_STRINGS = YES;
				SWIFT_VERSION = 5.0;
				TARGETED_DEVICE_FAMILY = "1,2";
			};
			name = Release;
		};
		11B356B52AE7F2BC008635E7 /* Debug */ = {
			isa = XCBuildConfiguration;
			buildSettings = {
				ALWAYS_EMBED_SWIFT_STANDARD_LIBRARIES = YES;
				BUNDLE_LOADER = "$(TEST_HOST)";
				CODE_SIGN_STYLE = Automatic;
				CURRENT_PROJECT_VERSION = 1;
				DEVELOPMENT_TEAM = 865BACGR2S;
				GENERATE_INFOPLIST_FILE = YES;
				IPHONEOS_DEPLOYMENT_TARGET = 17.0;
				MACOSX_DEPLOYMENT_TARGET = 14.0;
				MARKETING_VERSION = 1.0;
				PRODUCT_BUNDLE_IDENTIFIER = AE.MEDICATETests;
				PRODUCT_NAME = "$(TARGET_NAME)";
				SDKROOT = auto;
				SUPPORTED_PLATFORMS = "iphoneos iphonesimulator macosx";
				SWIFT_EMIT_LOC_STRINGS = NO;
				SWIFT_VERSION = 5.0;
				TARGETED_DEVICE_FAMILY = "1,2";
				TEST_HOST = "$(BUILT_PRODUCTS_DIR)/MEDICATE.app/$(BUNDLE_EXECUTABLE_FOLDER_PATH)/MEDICATE";
			};
			name = Debug;
		};
		11B356B62AE7F2BC008635E7 /* Release */ = {
			isa = XCBuildConfiguration;
			buildSettings = {
				ALWAYS_EMBED_SWIFT_STANDARD_LIBRARIES = YES;
				BUNDLE_LOADER = "$(TEST_HOST)";
				CODE_SIGN_STYLE = Automatic;
				CURRENT_PROJECT_VERSION = 1;
				DEVELOPMENT_TEAM = 865BACGR2S;
				GENERATE_INFOPLIST_FILE = YES;
				IPHONEOS_DEPLOYMENT_TARGET = 17.0;
				MACOSX_DEPLOYMENT_TARGET = 14.0;
				MARKETING_VERSION = 1.0;
				PRODUCT_BUNDLE_IDENTIFIER = AE.MEDICATETests;
				PRODUCT_NAME = "$(TARGET_NAME)";
				SDKROOT = auto;
				SUPPORTED_PLATFORMS = "iphoneos iphonesimulator macosx";
				SWIFT_EMIT_LOC_STRINGS = NO;
				SWIFT_VERSION = 5.0;
				TARGETED_DEVICE_FAMILY = "1,2";
				TEST_HOST = "$(BUILT_PRODUCTS_DIR)/MEDICATE.app/$(BUNDLE_EXECUTABLE_FOLDER_PATH)/MEDICATE";
			};
			name = Release;
		};
		11B356B82AE7F2BC008635E7 /* Debug */ = {
			isa = XCBuildConfiguration;
			buildSettings = {
				ALWAYS_EMBED_SWIFT_STANDARD_LIBRARIES = YES;
				CODE_SIGN_STYLE = Automatic;
				CURRENT_PROJECT_VERSION = 1;
				DEVELOPMENT_TEAM = 865BACGR2S;
				GENERATE_INFOPLIST_FILE = YES;
				IPHONEOS_DEPLOYMENT_TARGET = 17.0;
				MACOSX_DEPLOYMENT_TARGET = 14.0;
				MARKETING_VERSION = 1.0;
				PRODUCT_BUNDLE_IDENTIFIER = AE.MEDICATEUITests;
				PRODUCT_NAME = "$(TARGET_NAME)";
				SDKROOT = auto;
				SUPPORTED_PLATFORMS = "iphoneos iphonesimulator macosx";
				SWIFT_EMIT_LOC_STRINGS = NO;
				SWIFT_VERSION = 5.0;
				TARGETED_DEVICE_FAMILY = "1,2";
				TEST_TARGET_NAME = MEDICATE;
			};
			name = Debug;
		};
		11B356B92AE7F2BC008635E7 /* Release */ = {
			isa = XCBuildConfiguration;
			buildSettings = {
				ALWAYS_EMBED_SWIFT_STANDARD_LIBRARIES = YES;
				CODE_SIGN_STYLE = Automatic;
				CURRENT_PROJECT_VERSION = 1;
				DEVELOPMENT_TEAM = 865BACGR2S;
				GENERATE_INFOPLIST_FILE = YES;
				IPHONEOS_DEPLOYMENT_TARGET = 17.0;
				MACOSX_DEPLOYMENT_TARGET = 14.0;
				MARKETING_VERSION = 1.0;
				PRODUCT_BUNDLE_IDENTIFIER = AE.MEDICATEUITests;
				PRODUCT_NAME = "$(TARGET_NAME)";
				SDKROOT = auto;
				SUPPORTED_PLATFORMS = "iphoneos iphonesimulator macosx";
				SWIFT_EMIT_LOC_STRINGS = NO;
				SWIFT_VERSION = 5.0;
				TARGETED_DEVICE_FAMILY = "1,2";
				TEST_TARGET_NAME = MEDICATE;
			};
			name = Release;
		};
/* End XCBuildConfiguration section */

/* Begin XCConfigurationList section */
		11B356872AE7F2B9008635E7 /* Build configuration list for PBXProject "MEDICATE" */ = {
			isa = XCConfigurationList;
			buildConfigurations = (
				11B356AF2AE7F2BC008635E7 /* Debug */,
				11B356B02AE7F2BC008635E7 /* Release */,
			);
			defaultConfigurationIsVisible = 0;
			defaultConfigurationName = Release;
		};
		11B356B12AE7F2BC008635E7 /* Build configuration list for PBXNativeTarget "MEDICATE" */ = {
			isa = XCConfigurationList;
			buildConfigurations = (
				11B356B22AE7F2BC008635E7 /* Debug */,
				11B356B32AE7F2BC008635E7 /* Release */,
			);
			defaultConfigurationIsVisible = 0;
			defaultConfigurationName = Release;
		};
		11B356B42AE7F2BC008635E7 /* Build configuration list for PBXNativeTarget "MEDICATETests" */ = {
			isa = XCConfigurationList;
			buildConfigurations = (
				11B356B52AE7F2BC008635E7 /* Debug */,
				11B356B62AE7F2BC008635E7 /* Release */,
			);
			defaultConfigurationIsVisible = 0;
			defaultConfigurationName = Release;
		};
		11B356B72AE7F2BC008635E7 /* Build configuration list for PBXNativeTarget "MEDICATEUITests" */ = {
			isa = XCConfigurationList;
			buildConfigurations = (
				11B356B82AE7F2BC008635E7 /* Debug */,
				11B356B92AE7F2BC008635E7 /* Release */,
			);
			defaultConfigurationIsVisible = 0;
			defaultConfigurationName = Release;
		};
/* End XCConfigurationList section */

/* Begin XCRemoteSwiftPackageReference section */
		11B356BA2AE7F320008635E7 /* XCRemoteSwiftPackageReference "ChartView" */ = {
			isa = XCRemoteSwiftPackageReference;
			repositoryURL = "https://github.com/AppPear/ChartView";
			requirement = {
				kind = upToNextMajorVersion;
				minimumVersion = 1.5.5;
			};
		};
/* End XCRemoteSwiftPackageReference section */

/* Begin XCSwiftPackageProductDependency section */
		11B356BB2AE7F320008635E7 /* SwiftUICharts */ = {
			isa = XCSwiftPackageProductDependency;
			package = 11B356BA2AE7F320008635E7 /* XCRemoteSwiftPackageReference "ChartView" */;
			productName = SwiftUICharts;
		};
/* End XCSwiftPackageProductDependency section */
	};
	rootObject = 11B356842AE7F2B9008635E7 /* Project object */;
}
